{
  "lockfile_version": "1",
  "packages": {
    "cdrkit@latest": {
      "last_modified": "2026-05-01T13:14:57Z",
      "resolved": "github:NixOS/nixpkgs/c6d65881c5624c9cae5ea6cedef24699b0c0a4c0#cdrkit",
      "source": "devbox-search",
      "version": "1.1.11-4",
      "systems": {
        "aarch64-darwin": {
          "outputs": [
            {
              "name": "out",
              "path": "/nix/store/dh9cxx3n7fim88ql53c1ljhqgw4rxznj-cdrkit-1.1.11-4",
              "default": true
            }
          ],
          "store_path": "/nix/store/dh9cxx3n7fim88ql53c1ljhqgw4rxznj-cdrkit-1.1.11-4"
        },
        "aarch64-linux": {
          "outputs": [
            {
              "name": "out",
              "path": "/nix/store/y55pcd9m2rkr10k40mqp640xprzqsam6-cdrkit-1.1.11-4",
              "default": true
            }
          ],
          "store_path": "/nix/store/y55pcd9m2rkr10k40mqp640xprzqsam6-cdrkit-1.1.11-4"
        },
        "x86_64-darwin": {
          "outputs": [
            {
              "name": "out",
              "path": "/nix/store/4as19p7k039zxxk09rxg12315yy3chm3-cdrkit-1.1.11-4",
              "default": true
            }
          ],
          "store_path": "/nix/store/4as19p7k039zxxk09rxg12315yy3chm3-cdrkit-1.1.11-4"
        },
        "x86_64-linux": {
          "outputs": [
            {
              "name": "out",
              "path": "/nix/store/abkijf58lbypjvffryfgr4ckhs86ngnh-cdrkit-1.1.11-4",
              "default": true
            }
          ],
          "store_path": "/nix/store/abkijf58lbypjvffryfgr4ckhs86ngnh-cdrkit-1.1.11-4"
        }
      }
    },
    "gh@latest": {
      "last_modified": "2026-05-20T06:38:13Z",
      "resolved": "github:NixOS/nixpkgs/d99b013d5d1931ad77fe3912ed218170dec5d9a4#gh",
      "source": "devbox-search",
      "version": "2.92.0",
      "systems": {
        "aarch64-darwin": {
          "outputs": [
            {
              "name": "out",
              "path": "/nix/store/xhvb649slb9rd0ps253s4jkpsx3fkvk1-gh-2.92.0",
              "default": true
            }
          ],
          "store_path": "/nix/store/xhvb649slb9rd0ps253s4jkpsx3fkvk1-gh-2.92.0"
        },
        "aarch64-linux": {
          "outputs": [
            {
              "name": "out",
              "path": "/nix/store/qw9n0av5bhfzna77vkd2mji1dfhl7hhh-gh-2.92.0",
              "default": true
            }
          ],
          "store_path": "/nix/store/qw9n0av5bhfzna77vkd2mji1dfhl7hhh-gh-2.92.0"
        },
        "x86_64-darwin": {
          "outputs": [
            {
              "name": "out",
              "path": "/nix/store/837nnal9mj0pjsczqww3hla06x7mv4kh-gh-2.92.0",
              "default": true
            }
          ],
          "store_path": "/nix/store/837nnal9mj0pjsczqww3hla06x7mv4kh-gh-2.92.0"
        },
        "x86_64-linux": {
          "outputs": [
            {
              "name": "out",
              "path": "/nix/store/lsb6nlb51prl620y1hyn1dg0y2nd476s-gh-2.92.0",
              "default": true
            }
          ],
          "store_path": "/nix/store/lsb6nlb51prl620y1hyn1dg0y2nd476s-gh-2.92.0"
        }
      }
    },
    "git-cliff@latest": {
      "last_modified": "2026-04-27T06:11:55Z",
      "resolved": "github:NixOS/nixpkgs/6368eda62c9775c38ef7f714b2555a741c20c72d#git-cliff",
      "source": "devbox-search",
      "version": "2.13.1",
      "systems": {
        "aarch64-darwin": {
          "outputs": [
            {
              "name": "out",
              "path": "/nix/store/rmn75ffqpn31ssz0fp9p2gw8pylgh930-git-cliff-2.13.1",
              "default": true
            }
          ],
          "store_path": "/nix/store/rmn75ffqpn31ssz0fp9p2gw8pylgh930-git-cliff-2.13.1"
        },
        "aarch64-linux": {
          "outputs": [
            {
              "name": "out",
              "path": "/nix/store/jvsvy2fx45ywp5p90ax4mdd5m7jgm2a2-git-cliff-2.13.1",
              "default": true
            }
          ],
          "store_path": "/nix/store/jvsvy2fx45ywp5p90ax4mdd5m7jgm2a2-git-cliff-2.13.1"
        },
        "x86_64-darwin": {
          "outputs": [
            {
              "name": "out",
              "path": "/nix/store/3hkwm5j7dbpb0v0ngy24y8wkzzwym558-git-cliff-2.13.1",
              "default": true
            }
          ],
          "store_path": "/nix/store/3hkwm5j7dbpb0v0ngy24y8wkzzwym558-git-cliff-2.13.1"
        },
        "x86_64-linux": {
          "outputs": [
            {
              "name": "out",
              "path": "/nix/store/15czfs1z70jy10fip3s50333gsskzhb3-git-cliff-2.13.1",
              "default": true
            }
          ],
          "store_path": "/nix/store/15czfs1z70jy10fip3s50333gsskzhb3-git-cliff-2.13.1"
        }
      }
    },
    "github:NixOS/nixpkgs/nixpkgs-unstable": {
      "last_modified": "2026-05-21T08:15:18Z",
      "resolved": "github:NixOS/nixpkgs/4a29d733e8a7d5b824c3d8c958a946a9867b3eb2?lastModified=1779351318&narHash=sha256-f%2BJACbTqzZ%2BG92DSnXOUGRhGANb8Blh7CoeYOeBF8%2FU%3D"
    },
    "go-task@latest": {
      "last_modified": "2026-04-23T13:07:47Z",
      "resolved": "github:NixOS/nixpkgs/01fbdeef22b76df85ea168fbfe1bfd9e63681b30#go-task",
      "source": "devbox-search",
      "version": "3.48.0",
      "systems": {
        "aarch64-darwin": {
          "outputs": [
            {
              "name": "out",
              "path": "/nix/store/gx97hxd28ymbxf2nj4kq6masld4qk7yw-go-task-3.48.0",
              "default": true
            }
          ],
          "store_path": "/nix/store/gx97hxd28ymbxf2nj4kq6masld4qk7yw-go-task-3.48.0"
        },
        "aarch64-linux": {
          "outputs": [
            {
              "name": "out",
              "path": "/nix/store/di0pkf2d113g9nkcbm4p51sgivfbkcxg-go-task-3.48.0",
              "default": true
            }
          ],
          "store_path": "/nix/store/di0pkf2d113g9nkcbm4p51sgivfbkcxg-go-task-3.48.0"
        },
        "x86_64-darwin": {
          "outputs": [
            {
              "name": "out",
              "path": "/nix/store/4mdamkq6v7xi11525ah95nb4psdd1a9m-go-task-3.48.0",
              "default": true
            }
          ],
          "store_path": "/nix/store/4mdamkq6v7xi11525ah95nb4psdd1a9m-go-task-3.48.0"
        },
        "x86_64-linux": {
          "outputs": [
            {
              "name": "out",
              "path": "/nix/store/gak3jfx9splyph60r0vvvv24vjcwyakx-go-task-3.48.0",
              "default": true
            }
          ],
          "store_path": "/nix/store/gak3jfx9splyph60r0vvvv24vjcwyakx-go-task-3.48.0"
        }
      }
    },
    "go-tools@latest": {
      "last_modified": "2026-04-23T13:07:47Z",
      "resolved": "github:NixOS/nixpkgs/01fbdeef22b76df85ea168fbfe1bfd9e63681b30#go-tools",
      "source": "devbox-search",
      "version": "2026.1",
      "systems": {
        "aarch64-darwin": {
          "outputs": [
            {
              "name": "out",
              "path": "/nix/store/szmi5w0p1xrm35wnw09ywrlxb2v5ywby-go-tools-2026.1",
              "default": true
            }
          ],
          "store_path": "/nix/store/szmi5w0p1xrm35wnw09ywrlxb2v5ywby-go-tools-2026.1"
        },
        "aarch64-linux": {
          "outputs": [
            {
              "name": "out",
              "path": "/nix/store/1d4machgffb4nz6p2x6qd8n5g3j47pya-go-tools-2026.1",
              "default": true
            }
          ],
          "store_path": "/nix/store/1d4machgffb4nz6p2x6qd8n5g3j47pya-go-tools-2026.1"
        },
        "x86_64-darwin": {
          "outputs": [
            {
              "name": "out",
              "path": "/nix/store/0igzqm5wqvq4sl8igfzmzmnai4jb0izc-go-tools-2026.1",
              "default": true
            }
          ],
          "store_path": "/nix/store/0igzqm5wqvq4sl8igfzmzmnai4jb0izc-go-tools-2026.1"
        },
        "x86_64-linux": {
          "outputs": [
            {
              "name": "out",
              "path": "/nix/store/w0js44iyr636gg7gxq4nlprbh3l1n7sp-go-tools-2026.1",
              "default": true
            }
          ],
          "store_path": "/nix/store/w0js44iyr636gg7gxq4nlprbh3l1n7sp-go-tools-2026.1"
        }
      }
    },
    "go@latest": {
      "last_modified": "2026-04-23T13:07:47Z",
      "resolved": "github:NixOS/nixpkgs/01fbdeef22b76df85ea168fbfe1bfd9e63681b30#go",
      "source": "devbox-search",
      "version": "1.26.2",
      "systems": {
        "aarch64-darwin": {
          "outputs": [
            {
              "name": "out",
              "path": "/nix/store/fkzywh7rg8lg1n2p0r161iqjwhz540wx-go-1.26.2",
              "default": true
            }
          ],
          "store_path": "/nix/store/fkzywh7rg8lg1n2p0r161iqjwhz540wx-go-1.26.2"
        },
        "aarch64-linux": {
          "outputs": [
            {
              "name": "out",
              "path": "/nix/store/w4i7p78y3735jcy69sk4lcy9zyxr0cav-go-1.26.2",
              "default": true
            }
          ],
          "store_path": "/nix/store/w4i7p78y3735jcy69sk4lcy9zyxr0cav-go-1.26.2"
        },
        "x86_64-darwin": {
          "outputs": [
            {
              "name": "out",
              "path": "/nix/store/g0b45l45nlb1kqiywzja7fh49yn7lla5-go-1.26.2",
              "default": true
            }
          ],
          "store_path": "/nix/store/g0b45l45nlb1kqiywzja7fh49yn7lla5-go-1.26.2"
        },
        "x86_64-linux": {
          "outputs": [
            {
              "name": "out",
              "path": "/nix/store/dimnagks1qsp7180yw74z0npp7z2ihs3-go-1.26.2",
              "default": true
            }
          ],
          "store_path": "/nix/store/dimnagks1qsp7180yw74z0npp7z2ihs3-go-1.26.2"
        }
      }
    },
    "golangci-lint@latest": {
      "last_modified": "2026-05-07T03:23:16Z",
      "resolved": "github:NixOS/nixpkgs/68a8af93ff4297686cb68880845e61e5e2e41d92#golangci-lint",
      "source": "devbox-search",
      "version": "2.12.2",
      "systems": {
        "aarch64-darwin": {
          "outputs": [
            {
              "name": "out",
              "path": "/nix/store/nzhf361nlv2smh50jv1inlryzlak4fya-golangci-lint-2.12.2",
              "default": true
            }
          ],
          "store_path": "/nix/store/nzhf361nlv2smh50jv1inlryzlak4fya-golangci-lint-2.12.2"
        },
        "aarch64-linux": {
          "outputs": [
            {
              "name": "out",
              "path": "/nix/store/4ia7mxwwk6h1dndh5lpd31vvqblc2zf8-golangci-lint-2.12.2",
              "default": true
            }
          ],
          "store_path": "/nix/store/4ia7mxwwk6h1dndh5lpd31vvqblc2zf8-golangci-lint-2.12.2"
        },
        "x86_64-darwin": {
          "outputs": [
            {
              "name": "out",
              "path": "/nix/store/90ygwc3q2z11g582s87938kk36ird6ly-golangci-lint-2.12.2",
              "default": true
            }
          ],
          "store_path": "/nix/store/90ygwc3q2z11g582s87938kk36ird6ly-golangci-lint-2.12.2"
        },
        "x86_64-linux": {
          "outputs": [
            {
              "name": "out",
              "path": "/nix/store/7n9yf0ca2z9qgywb70145imqdkcnp0r6-golangci-lint-2.12.2",
              "default": true
            }
          ],
          "store_path": "/nix/store/7n9yf0ca2z9qgywb70145imqdkcnp0r6-golangci-lint-2.12.2"
        }
      }
    },
    "gopls@latest": {
      "last_modified": "2026-05-20T06:38:13Z",
      "resolved": "github:NixOS/nixpkgs/d99b013d5d1931ad77fe3912ed218170dec5d9a4#gopls",
      "source": "devbox-search",
      "version": "0.22.0",
      "systems": {
        "aarch64-darwin": {
          "outputs": [
            {
              "name": "out",
              "path": "/nix/store/r86iin75nk5khfy3czlj9rky1bliwq84-gopls-0.22.0",
              "default": true
            }
          ],
          "store_path": "/nix/store/r86iin75nk5khfy3czlj9rky1bliwq84-gopls-0.22.0"
        },
        "aarch64-linux": {
          "outputs": [
            {
              "name": "out",
              "path": "/nix/store/rjbwjh6n8pg1hm9s8x4xs571yhwb9d77-gopls-0.22.0",
              "default": true
            }
          ],
          "store_path": "/nix/store/rjbwjh6n8pg1hm9s8x4xs571yhwb9d77-gopls-0.22.0"
        },
        "x86_64-darwin": {
          "outputs": [
            {
              "name": "out",
              "path": "/nix/store/sl7xds0hj0z9a7cbci8fs13jyih6rfll-gopls-0.22.0",
              "default": true
            }
          ],
          "store_path": "/nix/store/sl7xds0hj0z9a7cbci8fs13jyih6rfll-gopls-0.22.0"
        },
        "x86_64-linux": {
          "outputs": [
            {
              "name": "out",
              "path": "/nix/store/h3867z0fqfr9660igd03fpqqzy5mqaxc-gopls-0.22.0",
              "default": true
            }
          ],
          "store_path": "/nix/store/h3867z0fqfr9660igd03fpqqzy5mqaxc-gopls-0.22.0"
        }
      }
    },
    "govulncheck@latest": {
      "last_modified": "2026-04-27T06:11:55Z",
      "resolved": "github:NixOS/nixpkgs/6368eda62c9775c38ef7f714b2555a741c20c72d#govulncheck",
      "source": "devbox-search",
      "version": "1.3.0",
      "systems": {
        "aarch64-darwin": {
          "outputs": [
            {
              "name": "out",
              "path": "/nix/store/qxbrnj01zpdg0x7rsmv14j7fgf94q1nq-govulncheck-1.3.0",
              "default": true
            }
          ],
          "store_path": "/nix/store/qxbrnj01zpdg0x7rsmv14j7fgf94q1nq-govulncheck-1.3.0"
        },
        "aarch64-linux": {
          "outputs": [
            {
              "name": "out",
              "path": "/nix/store/bi45ipwkzfak6kg6bypczgjzsfdzf50l-govulncheck-1.3.0",
              "default": true
            }
          ],
          "store_path": "/nix/store/bi45ipwkzfak6kg6bypczgjzsfdzf50l-govulncheck-1.3.0"
        },
        "x86_64-darwin": {
          "outputs": [
            {
              "name": "out",
              "path": "/nix/store/p2pzzj0j9f5m5gpbxc4d0yxlxcrl25g4-govulncheck-1.3.0",
              "default": true
            }
          ],
          "store_path": "/nix/store/p2pzzj0j9f5m5gpbxc4d0yxlxcrl25g4-govulncheck-1.3.0"
        },
        "x86_64-linux": {
          "outputs": [
            {
              "name": "out",
              "path": "/nix/store/qghnjlmg205xq2yaay0z7bkb6xxvfi9f-govulncheck-1.3.0",
              "default": true
            }
          ],
          "store_path": "/nix/store/qghnjlmg205xq2yaay0z7bkb6xxvfi9f-govulncheck-1.3.0"
        }
      }
    },
    "nix-update@latest": {
      "last_modified": "2026-05-20T06:38:13Z",
      "resolved": "github:NixOS/nixpkgs/d99b013d5d1931ad77fe3912ed218170dec5d9a4#nix-update",
      "source": "devbox-search",
      "version": "1.15.0",
      "systems": {
        "aarch64-darwin": {
          "outputs": [
            {
              "name": "out",
              "path": "/nix/store/7fvzb0n06z3scrbyfbrawliajjl7ayhp-nix-update-1.15.0",
              "default": true
            },
            {
              "name": "dist",
              "path": "/nix/store/pfyw550d6d7pf15wd95v2vxk6y9syjzk-nix-update-1.15.0-dist"
            }
          ],
          "store_path": "/nix/store/7fvzb0n06z3scrbyfbrawliajjl7ayhp-nix-update-1.15.0"
        },
        "aarch64-linux": {
          "outputs": [
            {
              "name": "out",
              "path": "/nix/store/5cxdgjaq0ypyba0ars52pbb9da146xpr-nix-update-1.15.0",
              "default": true
            },
            {
              "name": "dist",
              "path": "/nix/store/n5j3cmfxk339328w636qhhpzprj22ii7-nix-update-1.15.0-dist"
            }
          ],
          "store_path": "/nix/store/5cxdgjaq0ypyba0ars52pbb9da146xpr-nix-update-1.15.0"
        },
        "x86_64-darwin": {
          "outputs": [
            {
              "name": "out",
              "path": "/nix/store/hxxv0r0j1d7db43drmqjcb7rx559h5l1-nix-update-1.15.0",
              "default": true
            },
            {
              "name": "dist",
              "path": "/nix/store/nrvdmgy94pngbwjxhb7x1s1sja0k4i10-nix-update-1.15.0-dist"
            }
          ],
          "store_path": "/nix/store/hxxv0r0j1d7db43drmqjcb7rx559h5l1-nix-update-1.15.0"
        },
        "x86_64-linux": {
          "outputs": [
            {
              "name": "out",
              "path": "/nix/store/04ld28pdbzy9x3ps5aaidlaf1d6bamxb-nix-update-1.15.0",
              "default": true
            },
            {
              "name": "dist",
              "path": "/nix/store/x1f7c77ncm0vigzq3vqdndqs137n7nk8-nix-update-1.15.0-dist"
            }
          ],
          "store_path": "/nix/store/04ld28pdbzy9x3ps5aaidlaf1d6bamxb-nix-update-1.15.0"
        }
      }
    },
    "pre-commit@latest": {
      "last_modified": "2026-05-13T11:46:26Z",
      "resolved": "github:NixOS/nixpkgs/eef00dfd8a712b34af845f9350bac681b1228bd1#pre-commit",
      "source": "devbox-search",
      "version": "4.5.1",
      "systems": {
        "aarch64-darwin": {
          "outputs": [
            {
              "name": "out",
              "path": "/nix/store/4y39fninb80ps3y1bnc7xyv31b775iv4-pre-commit-4.5.1",
              "default": true
            },
            {
              "name": "dist",
              "path": "/nix/store/nc7n6xzxylg7yz99wpvya66fa59nj4ia-pre-commit-4.5.1-dist"
            }
          ],
          "store_path": "/nix/store/4y39fninb80ps3y1bnc7xyv31b775iv4-pre-commit-4.5.1"
        },
        "aarch64-linux": {
          "outputs": [
            {
              "name": "out",
              "path": "/nix/store/92335zilycqlwb1274csqaya0x026asa-pre-commit-4.5.1",
              "default": true
            },
            {
              "name": "dist",
              "path": "/nix/store/g115vm8wcjg1xrr4jzyrr75dain0q6lc-pre-commit-4.5.1-dist"
            }
          ],
          "store_path": "/nix/store/92335zilycqlwb1274csqaya0x026asa-pre-commit-4.5.1"
        },
        "x86_64-darwin": {
          "outputs": [
            {
              "name": "out",
              "path": "/nix/store/cyg8p7vsriyvh8ciq8iv1p8x33vcjia8-pre-commit-4.5.1",
              "default": true
            },
            {
              "name": "dist",
              "path": "/nix/store/07bqg3w88gl45vrx21x6rbnsg8c8p5xc-pre-commit-4.5.1-dist"
            }
          ],
          "store_path": "/nix/store/cyg8p7vsriyvh8ciq8iv1p8x33vcjia8-pre-commit-4.5.1"
        },
        "x86_64-linux": {
          "outputs": [
            {
              "name": "out",
              "path": "/nix/store/vahfa5p05q8zyjhj47i4543nzd47y24n-pre-commit-4.5.1",
              "default": true
            },
            {
              "name": "dist",
              "path": "/nix/store/wrwjqaz58lnq793za7qlk50zsbrqywpd-pre-commit-4.5.1-dist"
            }
          ],
          "store_path": "/nix/store/vahfa5p05q8zyjhj47i4543nzd47y24n-pre-commit-4.5.1"
        }
      }
    },
    "qemu_full@latest": {
      "last_modified": "2026-05-20T06:38:13Z",
      "resolved": "github:NixOS/nixpkgs/d99b013d5d1931ad77fe3912ed218170dec5d9a4#qemu_full",
      "source": "devbox-search",
      "version": "10.2.2",
      "systems": {
        "aarch64-darwin": {
          "outputs": [
            {
              "name": "out",
              "path": "/nix/store/b02bmmgpzfdgrmr1i14ysz59im49bzah-qemu-10.2.2",
              "default": true
            },
            {
              "name": "doc",
              "path": "/nix/store/0cs9n4ylc2swxnrj1iq8ada1fga64j15-qemu-10.2.2-doc"
            }
          ],
          "store_path": "/nix/store/b02bmmgpzfdgrmr1i14ysz59im49bzah-qemu-10.2.2"
        },
        "aarch64-linux": {
          "outputs": [
            {
              "name": "out",
              "path": "/nix/store/bky29i3cbzff2n7227m0j51i543xdn9w-qemu-10.2.2",
              "default": true
            },
            {
              "name": "debug",
              "path": "/nix/store/hwgiwjd5rhnd3sdjw67dkxl3j1ncvzya-qemu-10.2.2-debug"
            },
            {
              "name": "doc",
              "path": "/nix/store/wj8aclhjazhh8y4224rp95q4cb8j5zxd-qemu-10.2.2-doc"
            },
            {
              "name": "ga",
              "path": "/nix/store/d3kqin69ccr4c1mica6s8k0hyj7k00m4-qemu-10.2.2-ga"
            }
          ],
          "store_path": "/nix/store/bky29i3cbzff2n7227m0j51i543xdn9w-qemu-10.2.2"
        },
        "x86_64-darwin": {
          "outputs": [
            {
              "name": "out",
              "path": "/nix/store/rkrxgd1b2ifyz7n9fg7m36bw4dx9cynd-qemu-10.2.2",
              "default": true
            },
            {
              "name": "doc",
              "path": "/nix/store/03hiyy2v9r5hrfgsxvhy97w553g75spb-qemu-10.2.2-doc"
            }
          ],
          "store_path": "/nix/store/rkrxgd1b2ifyz7n9fg7m36bw4dx9cynd-qemu-10.2.2"
        },
        "x86_64-linux": {
          "outputs": [
            {
              "name": "out",
              "path": "/nix/store/ag5n421qk8c09ad1qfzz05wd1ay350ka-qemu-10.2.2",
              "default": true
            },
            {
              "name": "ga",
              "path": "/nix/store/iijnlnlf9hhhca3zrlv6hp7kssshg3jf-qemu-10.2.2-ga"
            },
            {
              "name": "debug",
              "path": "/nix/store/9v7b71qr3vfk3828hmvqppf3wi3c4k4l-qemu-10.2.2-debug"
            },
            {
              "name": "doc",
              "path": "/nix/store/azvlyvav8b86k4dp6fwc26bkvws6n0rs-qemu-10.2.2-doc"
            }
          ],
          "store_path": "/nix/store/ag5n421qk8c09ad1qfzz05wd1ay350ka-qemu-10.2.2"
        }
      }
    },
    "tparse@latest": {
      "last_modified": "2026-04-23T13:07:47Z",
      "resolved": "github:NixOS/nixpkgs/01fbdeef22b76df85ea168fbfe1bfd9e63681b30#tparse",
      "source": "devbox-search",
      "version": "0.18.0",
      "systems": {
        "aarch64-darwin": {
          "outputs": [
            {
              "name": "out",
              "path": "/nix/store/b809385cslgjsdkxksqfhz339jvcyadz-tparse-0.18.0",
              "default": true
            }
          ],
          "store_path": "/nix/store/b809385cslgjsdkxksqfhz339jvcyadz-tparse-0.18.0"
        },
        "aarch64-linux": {
          "outputs": [
            {
              "name": "out",
              "path": "/nix/store/vw7zn22rfn8xgpd6xr9phd096gv26vzg-tparse-0.18.0",
              "default": true
            }
          ],
          "store_path": "/nix/store/vw7zn22rfn8xgpd6xr9phd096gv26vzg-tparse-0.18.0"
        },
        "x86_64-darwin": {
          "outputs": [
            {
              "name": "out",
              "path": "/nix/store/m2yr1nj8v6zbkfhj97lkrsiif64jsif0-tparse-0.18.0",
              "default": true
            }
          ],
          "store_path": "/nix/store/m2yr1nj8v6zbkfhj97lkrsiif64jsif0-tparse-0.18.0"
        },
        "x86_64-linux": {
          "outputs": [
            {
              "name": "out",
              "path": "/nix/store/lyaspzlv109x7apy1jzpp8cmmb1bv01y-tparse-0.18.0",
              "default": true
            }
          ],
          "store_path": "/nix/store/lyaspzlv109x7apy1jzpp8cmmb1bv01y-tparse-0.18.0"
        }
      }
    }
  }
}
