{
  "lockfile_version": "1",
  "packages": {
    "github:NixOS/nixpkgs/nixpkgs-unstable": {
      "last_modified": "2025-07-20T07:42:04Z",
      "resolved": "github:NixOS/nixpkgs/7c688a0875df5a8c28a53fb55ae45e94eae0dddb?lastModified=1752997324&narHash=sha256-vtTM4oDke3SeDj%2B1ey6DjmzXdq8ZZSCLWSaApADDvIE%3D"
    },
    "go-task@latest": {
      "last_modified": "2025-07-13T22:45:35Z",
      "resolved": "github:NixOS/nixpkgs/a421ac6595024edcfbb1ef950a3712b89161c359#go-task",
      "source": "devbox-search",
      "version": "3.44.0",
      "systems": {
        "aarch64-darwin": {
          "outputs": [
            {
              "name": "out",
              "path": "/nix/store/xf4c3z2n3g8j41bh9s0l2pjv4fahdmab-go-task-3.44.0",
              "default": true
            }
          ],
          "store_path": "/nix/store/xf4c3z2n3g8j41bh9s0l2pjv4fahdmab-go-task-3.44.0"
        },
        "aarch64-linux": {
          "outputs": [
            {
              "name": "out",
              "path": "/nix/store/hziv622f7xw9swigq3ylw1lj49dgr4d2-go-task-3.44.0",
              "default": true
            }
          ],
          "store_path": "/nix/store/hziv622f7xw9swigq3ylw1lj49dgr4d2-go-task-3.44.0"
        },
        "x86_64-darwin": {
          "outputs": [
            {
              "name": "out",
              "path": "/nix/store/aafqxhbxvy73v1gpwnnc8bs5icm6nlcg-go-task-3.44.0",
              "default": true
            }
          ],
          "store_path": "/nix/store/aafqxhbxvy73v1gpwnnc8bs5icm6nlcg-go-task-3.44.0"
        },
        "x86_64-linux": {
          "outputs": [
            {
              "name": "out",
              "path": "/nix/store/yvpnz39r66qr57m41c3dfyc3b7mi8y9i-go-task-3.44.0",
              "default": true
            }
          ],
          "store_path": "/nix/store/yvpnz39r66qr57m41c3dfyc3b7mi8y9i-go-task-3.44.0"
        }
      }
    },
    "go@latest": {
      "last_modified": "2025-07-13T22:45:35Z",
      "resolved": "github:NixOS/nixpkgs/a421ac6595024edcfbb1ef950a3712b89161c359#go",
      "source": "devbox-search",
      "version": "1.24.4",
      "systems": {
        "aarch64-darwin": {
          "outputs": [
            {
              "name": "out",
              "path": "/nix/store/f4a0g1p943l61wfvqnpdr73v9bsyfhf2-go-1.24.4",
              "default": true
            }
          ],
          "store_path": "/nix/store/f4a0g1p943l61wfvqnpdr73v9bsyfhf2-go-1.24.4"
        },
        "aarch64-linux": {
          "outputs": [
            {
              "name": "out",
              "path": "/nix/store/mdyik6amglpjs533vk927f9w1qmyw239-go-1.24.4",
              "default": true
            }
          ],
          "store_path": "/nix/store/mdyik6amglpjs533vk927f9w1qmyw239-go-1.24.4"
        },
        "x86_64-darwin": {
          "outputs": [
            {
              "name": "out",
              "path": "/nix/store/b56ngr9p7x6z368w8m7ps95r3x8gdfv7-go-1.24.4",
              "default": true
            }
          ],
          "store_path": "/nix/store/b56ngr9p7x6z368w8m7ps95r3x8gdfv7-go-1.24.4"
        },
        "x86_64-linux": {
          "outputs": [
            {
              "name": "out",
              "path": "/nix/store/xrzqlk92h7z5mz9mlc4a9dyy91n5b68i-go-1.24.4",
              "default": true
            }
          ],
          "store_path": "/nix/store/xrzqlk92h7z5mz9mlc4a9dyy91n5b68i-go-1.24.4"
        }
      }
    },
    "sshping@latest": {
      "last_modified": "2025-07-28T17:09:23Z",
      "resolved": "github:NixOS/nixpkgs/648f70160c03151bc2121d179291337ad6bc564b#sshping",
      "source": "devbox-search",
      "version": "0.1.4",
      "systems": {
        "aarch64-darwin": {
          "outputs": [
            {
              "name": "out",
              "path": "/nix/store/xb12f29vvqg9wwbppqdz1v6dh08xw68v-sshping-0.1.4",
              "default": true
            }
          ],
          "store_path": "/nix/store/xb12f29vvqg9wwbppqdz1v6dh08xw68v-sshping-0.1.4"
        },
        "aarch64-linux": {
          "outputs": [
            {
              "name": "out",
              "path": "/nix/store/cydhd1m3ln4mkkzlyy0c5xx4zflniyvy-sshping-0.1.4",
              "default": true
            }
          ],
          "store_path": "/nix/store/cydhd1m3ln4mkkzlyy0c5xx4zflniyvy-sshping-0.1.4"
        },
        "x86_64-darwin": {
          "outputs": [
            {
              "name": "out",
              "path": "/nix/store/0p5jqlk0r56c2pyw4q6s48iji3ladnq6-sshping-0.1.4",
              "default": true
            }
          ],
          "store_path": "/nix/store/0p5jqlk0r56c2pyw4q6s48iji3ladnq6-sshping-0.1.4"
        },
        "x86_64-linux": {
          "outputs": [
            {
              "name": "out",
              "path": "/nix/store/hlmxzdrp8kinlnz18ah76yply1y2fmhv-sshping-0.1.4",
              "default": true
            }
          ],
          "store_path": "/nix/store/hlmxzdrp8kinlnz18ah76yply1y2fmhv-sshping-0.1.4"
        }
      }
    }
  }
}
